
Microsoft Visual Studio Solution File, Format Version 12.00
# Visual Studio Version 16
VisualStudioVersion = 16.0.30907.101
MinimumVisualStudioVersion = 10.0.40219.1
Project("{F184B08F-C81C-45F6-A57F-5ABD9991F28F}") = "ejemploInnovagro", "ejemploInnovagro.vbproj", "{F54FD65E-F8AF-4A51-B962-8EAF237FA2F1}"
EndProject
Global
	GlobalSection(SolutionConfigurationPlatforms) = preSolution
		Debug|Any CPU = Debug|Any CPU
		Release|Any CPU = Release|Any CPU
	EndGlobalSection
	GlobalSection(ProjectConfigurationPlatforms) = postSolution
		{F54FD65E-F8AF-4A51-B962-8EAF237FA2F1}.Debug|Any CPU.ActiveCfg = Debug|Any CPU
		{F54FD65E-F8AF-4A51-B962-8EAF237FA2F1}.Debug|Any CPU.Build.0 = Debug|Any CPU
		{F54FD65E-F8AF-4A51-B962-8EAF237FA2F1}.Release|Any CPU.ActiveCfg = Release|Any CPU
		{F54FD65E-F8AF-4A51-B962-8EAF237FA2F1}.Release|Any CPU.Build.0 = Release|Any CPU
	EndGlobalSection
	GlobalSection(SolutionProperties) = preSolution
		HideSolutionNode = FALSE
	EndGlobalSection
	GlobalSection(ExtensibilityGlobals) = postSolution
		SolutionGuid = {3EF247F4-06E2-432D-804B-AB6BF19B371F}
	EndGlobalSection
EndGlobal
